# This file is automatically @generated by Cargo.
# It is not intended for manual editing.
version = 4

[[package]]
name = "ally-cli"
version = "0.1.0"
dependencies = [
 "ally-link",
 "df-wire",
]

[[package]]
name = "ally-input"
version = "0.1.0"

[[package]]
name = "ally-link"
version = "0.1.0"
dependencies = [
 "df-wire",
]

[[package]]
name = "ally-pose"
version = "0.1.0"

[[package]]
name = "df-wire"
version = "0.1.0"
